
Microsoft Visual Studio Solution File, Format Version 10.00
# Visual C++ Express 2008
Project("{8BC9CEB8-8B4A-11D0-8D11-00A0C91BC942}") = "Building a House", "Building a House\Building a House.vcproj", "{8173B80A-1476-42B3-982B-004170455FE8}"
EndProject
Global
	GlobalSection(SolutionConfigurationPlatforms) = preSolution
		Debug|Win32 = Debug|Win32
		Release|Win32 = Release|Win32
	EndGlobalSection
	GlobalSection(ProjectConfigurationPlatforms) = postSolution
		{8173B80A-1476-42B3-982B-004170455FE8}.Debug|Win32.ActiveCfg = Debug|Win32
		{8173B80A-1476-42B3-982B-004170455FE8}.Debug|Win32.Build.0 = Debug|Win32
		{8173B80A-1476-42B3-982B-004170455FE8}.Release|Win32.ActiveCfg = Release|Win32
		{8173B80A-1476-42B3-982B-004170455FE8}.Release|Win32.Build.0 = Release|Win32
	EndGlobalSection
	GlobalSection(SolutionProperties) = preSolution
		HideSolutionNode = FALSE
	EndGlobalSection
EndGlobal
