
Microsoft Visual Studio Solution File, Format Version 10.00
# Visual C++ Express 2008
Project("{8BC9CEB8-8B4A-11D0-8D11-00A0C91BC942}") = "Investing at the Market", "Investing at the Market\Investing at the Market.vcproj", "{CECF8FF9-FF3C-4747-A5BE-2FAD266AA05E}"
EndProject
Global
	GlobalSection(SolutionConfigurationPlatforms) = preSolution
		Debug|Win32 = Debug|Win32
		Release|Win32 = Release|Win32
	EndGlobalSection
	GlobalSection(ProjectConfigurationPlatforms) = postSolution
		{CECF8FF9-FF3C-4747-A5BE-2FAD266AA05E}.Debug|Win32.ActiveCfg = Debug|Win32
		{CECF8FF9-FF3C-4747-A5BE-2FAD266AA05E}.Debug|Win32.Build.0 = Debug|Win32
		{CECF8FF9-FF3C-4747-A5BE-2FAD266AA05E}.Release|Win32.ActiveCfg = Release|Win32
		{CECF8FF9-FF3C-4747-A5BE-2FAD266AA05E}.Release|Win32.Build.0 = Release|Win32
	EndGlobalSection
	GlobalSection(SolutionProperties) = preSolution
		HideSolutionNode = FALSE
	EndGlobalSection
EndGlobal
