
Microsoft Visual Studio Solution File, Format Version 10.00
# Visual C++ Express 2008
Project("{8BC9CEB8-8B4A-11D0-8D11-00A0C91BC942}") = "Closing the loop", "Closing the loop\Closing the loop.vcproj", "{525EBE97-881B-4965-9BA9-E22B783B646A}"
EndProject
Global
	GlobalSection(SolutionConfigurationPlatforms) = preSolution
		Debug|Win32 = Debug|Win32
		Release|Win32 = Release|Win32
	EndGlobalSection
	GlobalSection(ProjectConfigurationPlatforms) = postSolution
		{525EBE97-881B-4965-9BA9-E22B783B646A}.Debug|Win32.ActiveCfg = Debug|Win32
		{525EBE97-881B-4965-9BA9-E22B783B646A}.Debug|Win32.Build.0 = Debug|Win32
		{525EBE97-881B-4965-9BA9-E22B783B646A}.Release|Win32.ActiveCfg = Release|Win32
		{525EBE97-881B-4965-9BA9-E22B783B646A}.Release|Win32.Build.0 = Release|Win32
	EndGlobalSection
	GlobalSection(SolutionProperties) = preSolution
		HideSolutionNode = FALSE
	EndGlobalSection
EndGlobal
