
Microsoft Visual Studio Solution File, Format Version 10.00
# Visual C++ Express 2008
Project("{8BC9CEB8-8B4A-11D0-8D11-00A0C91BC942}") = "Snapper Chain", "Snapper Chain\Snapper Chain.vcproj", "{8162534F-BC2A-4E9A-BB46-D791BAB47A24}"
EndProject
Global
	GlobalSection(SolutionConfigurationPlatforms) = preSolution
		Debug|Win32 = Debug|Win32
		Release|Win32 = Release|Win32
	EndGlobalSection
	GlobalSection(ProjectConfigurationPlatforms) = postSolution
		{8162534F-BC2A-4E9A-BB46-D791BAB47A24}.Debug|Win32.ActiveCfg = Debug|Win32
		{8162534F-BC2A-4E9A-BB46-D791BAB47A24}.Debug|Win32.Build.0 = Debug|Win32
		{8162534F-BC2A-4E9A-BB46-D791BAB47A24}.Release|Win32.ActiveCfg = Release|Win32
		{8162534F-BC2A-4E9A-BB46-D791BAB47A24}.Release|Win32.Build.0 = Release|Win32
	EndGlobalSection
	GlobalSection(SolutionProperties) = preSolution
		HideSolutionNode = FALSE
	EndGlobalSection
EndGlobal
